
Microsoft Visual Studio Solution File, Format Version 9.00
# Visual Studio 2005
Project("{8BC9CEB8-8B4A-11D0-8D11-00A0C91BC942}") = "CauseySem4HW", "CauseySem4HW.vcproj", "{EBBD2A0D-2C83-4C42-A4C6-A02A4D1633CC}"
EndProject
Global
	GlobalSection(SolutionConfigurationPlatforms) = preSolution
		Debug|Win32 = Debug|Win32
		Release|Win32 = Release|Win32
	EndGlobalSection
	GlobalSection(ProjectConfigurationPlatforms) = postSolution
		{EBBD2A0D-2C83-4C42-A4C6-A02A4D1633CC}.Debug|Win32.ActiveCfg = Debug|Win32
		{EBBD2A0D-2C83-4C42-A4C6-A02A4D1633CC}.Debug|Win32.Build.0 = Debug|Win32
		{EBBD2A0D-2C83-4C42-A4C6-A02A4D1633CC}.Release|Win32.ActiveCfg = Release|Win32
		{EBBD2A0D-2C83-4C42-A4C6-A02A4D1633CC}.Release|Win32.Build.0 = Release|Win32
	EndGlobalSection
	GlobalSection(SolutionProperties) = preSolution
		HideSolutionNode = FALSE
	EndGlobalSection
EndGlobal
