
Microsoft Visual Studio Solution File, Format Version 9.00
# Visual Studio 2005
Project("{8BC9CEB8-8B4A-11D0-8D11-00A0C91BC942}") = "CauseySem2Assign", "CauseySem2Assign.vcproj", "{ECC87B4E-C048-4063-9C23-0FFCCB548199}"
EndProject
Global
	GlobalSection(SolutionConfigurationPlatforms) = preSolution
		Debug|Win32 = Debug|Win32
		Release|Win32 = Release|Win32
	EndGlobalSection
	GlobalSection(ProjectConfigurationPlatforms) = postSolution
		{ECC87B4E-C048-4063-9C23-0FFCCB548199}.Debug|Win32.ActiveCfg = Debug|Win32
		{ECC87B4E-C048-4063-9C23-0FFCCB548199}.Debug|Win32.Build.0 = Debug|Win32
		{ECC87B4E-C048-4063-9C23-0FFCCB548199}.Release|Win32.ActiveCfg = Release|Win32
		{ECC87B4E-C048-4063-9C23-0FFCCB548199}.Release|Win32.Build.0 = Release|Win32
	EndGlobalSection
	GlobalSection(SolutionProperties) = preSolution
		HideSolutionNode = FALSE
	EndGlobalSection
EndGlobal
